{
  "version": 4,
  "terraform_version": "1.9.7",
  "serial": 165,
  "lineage": "af5cbc04-e5a6-7a3a-9011-3ba17d9f7b2e",
  "outputs": {},
  "resources": [
    {
      "module": "module.simulated_ec2",
      "mode": "managed",
      "type": "docker_network",
      "name": "localstack_network",
      "provider": "module.simulated_ec2.provider[\"registry.terraform.io/kreuzwerker/docker\"]",
      "instances": [
        {
          "schema_version": 1,
          "attributes": {
            "attachable": false,
            "check_duplicate": null,
            "driver": "bridge",
            "id": "48ac6694a2ac09ff61ab0b9f7d42ea0a8ffc8099877d65f9edea8f7235f07b51",
            "ingress": false,
            "internal": false,
            "ipam_config": [
              {
                "aux_address": {},
                "gateway": "",
                "ip_range": "",
                "subnet": "172.20.0.0/16"
              }
            ],
            "ipam_driver": "default",
            "ipv6": false,
            "labels": [],
            "name": "localstack-network",
            "options": {},
            "scope": "local"
          },
          "sensitive_attributes": [],
          "private": "eyJzY2hlbWFfdmVyc2lvbiI6IjEifQ=="
        }
      ]
    }
  ],
  "check_results": null
}
